
Microsoft Visual Studio Solution File, Format Version 12.00
# Visual Studio Version 16
VisualStudioVersion = 16.0.30907.101
MinimumVisualStudioVersion = 10.0.40219.1
Project("{9A19103F-16F7-4668-BE54-9A1E7A4F7556}") = "DependencyInjection", "DependencyInjection\DependencyInjection.csproj", "{C18584E9-5CC1-4FE7-8C44-23F84682C8C7}"
EndProject
Project("{FAE04EC0-301F-11D3-BF4B-00C04F79EFBC}") = "DependencyInjection.Tests.Unit", "DependencyInjection.Tests.Unit\DependencyInjection.Tests.Unit.csproj", "{6DF0AA17-5F7D-431E-8345-BF67807D0F60}"
EndProject
Global
	GlobalSection(SolutionConfigurationPlatforms) = preSolution
		Debug|Any CPU = Debug|Any CPU
		Release|Any CPU = Release|Any CPU
	EndGlobalSection
	GlobalSection(ProjectConfigurationPlatforms) = postSolution
		{C18584E9-5CC1-4FE7-8C44-23F84682C8C7}.Debug|Any CPU.ActiveCfg = Debug|Any CPU
		{C18584E9-5CC1-4FE7-8C44-23F84682C8C7}.Debug|Any CPU.Build.0 = Debug|Any CPU
		{C18584E9-5CC1-4FE7-8C44-23F84682C8C7}.Release|Any CPU.ActiveCfg = Release|Any CPU
		{C18584E9-5CC1-4FE7-8C44-23F84682C8C7}.Release|Any CPU.Build.0 = Release|Any CPU
		{6DF0AA17-5F7D-431E-8345-BF67807D0F60}.Debug|Any CPU.ActiveCfg = Debug|Any CPU
		{6DF0AA17-5F7D-431E-8345-BF67807D0F60}.Debug|Any CPU.Build.0 = Debug|Any CPU
		{6DF0AA17-5F7D-431E-8345-BF67807D0F60}.Release|Any CPU.ActiveCfg = Release|Any CPU
		{6DF0AA17-5F7D-431E-8345-BF67807D0F60}.Release|Any CPU.Build.0 = Release|Any CPU
	EndGlobalSection
	GlobalSection(SolutionProperties) = preSolution
		HideSolutionNode = FALSE
	EndGlobalSection
	GlobalSection(ExtensibilityGlobals) = postSolution
		SolutionGuid = {9B73198B-4631-4BB7-BB65-C43A209244D9}
	EndGlobalSection
EndGlobal
